
Microsoft Visual Studio Solution File, Format Version 12.00
# Visual Studio Version 17
VisualStudioVersion = 17.13.35919.96 d17.13
MinimumVisualStudioVersion = 10.0.40219.1
Project("{FAE04EC0-301F-11D3-BF4B-00C04F79EFBC}") = "HomesApi", "HomesApi.csproj", "{A9A2E616-8953-407B-A37F-D9C3819C90D2}"
EndProject
Global
	GlobalSection(SolutionConfigurationPlatforms) = preSolution
		Debug|Any CPU = Debug|Any CPU
		Release|Any CPU = Release|Any CPU
	EndGlobalSection
	GlobalSection(ProjectConfigurationPlatforms) = postSolution
		{A9A2E616-8953-407B-A37F-D9C3819C90D2}.Debug|Any CPU.ActiveCfg = Debug|Any CPU
		{A9A2E616-8953-407B-A37F-D9C3819C90D2}.Debug|Any CPU.Build.0 = Debug|Any CPU
		{A9A2E616-8953-407B-A37F-D9C3819C90D2}.Release|Any CPU.ActiveCfg = Release|Any CPU
		{A9A2E616-8953-407B-A37F-D9C3819C90D2}.Release|Any CPU.Build.0 = Release|Any CPU
	EndGlobalSection
	GlobalSection(SolutionProperties) = preSolution
		HideSolutionNode = FALSE
	EndGlobalSection
	GlobalSection(ExtensibilityGlobals) = postSolution
		SolutionGuid = {286F9539-97EA-41A8-9FE2-1CD0DAB85115}
	EndGlobalSection
EndGlobal
